<Solution>
  <Project Path="Boulevard.VenueSimulator/Boulevard.VenueSimulator.csproj" />
  <Project Path="src/Core/Boulevard.MarketData.Engine/Boulevard.MarketData.Engine.csproj" />
  <Project Path="src/Protocols/Boulevard.Protocol.Itch/Boulevard.Protocol.Itch.csproj" />
  <Project Path="src/Simulators/Boulevard.Simulators.Nasdaq/Boulevard.Simulators.Nasdaq.csproj" />
</Solution>
